
Microsoft Visual Studio Solution File, Format Version 12.00
# Visual Studio 2015
Project("{FAE04EC0-301F-11D3-BF4B-00C04F79EFBC}") = "Assembly-CSharp", "Assembly-CSharp.csproj", "{3D8BFFDF-462E-BF24-CB3C-A101F4E1A86D}"
EndProject
Project("{FAE04EC0-301F-11D3-BF4B-00C04F79EFBC}") = "NativeGallery.Runtime", "NativeGallery.Runtime.csproj", "{9A818C9B-37D9-7EA8-6C73-D204BA4161BC}"
EndProject
Project("{FAE04EC0-301F-11D3-BF4B-00C04F79EFBC}") = "NativeGallery.Editor", "NativeGallery.Editor.csproj", "{F1238BAD-6434-B771-15E6-A575A85A666D}"
EndProject
Project("{FAE04EC0-301F-11D3-BF4B-00C04F79EFBC}") = "Assembly-CSharp-Editor", "Assembly-CSharp-Editor.csproj", "{71AEF62D-B33F-1B39-95B3-39BEF49ABF8C}"
EndProject
Global
	GlobalSection(SolutionConfigurationPlatforms) = preSolution
		Debug|Any CPU = Debug|Any CPU
		Release|Any CPU = Release|Any CPU
	EndGlobalSection
	GlobalSection(ProjectConfigurationPlatforms) = postSolution
		{3D8BFFDF-462E-BF24-CB3C-A101F4E1A86D}.Debug|Any CPU.ActiveCfg = Debug|Any CPU
		{3D8BFFDF-462E-BF24-CB3C-A101F4E1A86D}.Debug|Any CPU.Build.0 = Debug|Any CPU
		{3D8BFFDF-462E-BF24-CB3C-A101F4E1A86D}.Release|Any CPU.ActiveCfg = Release|Any CPU
		{3D8BFFDF-462E-BF24-CB3C-A101F4E1A86D}.Release|Any CPU.Build.0 = Release|Any CPU
		{9A818C9B-37D9-7EA8-6C73-D204BA4161BC}.Debug|Any CPU.ActiveCfg = Debug|Any CPU
		{9A818C9B-37D9-7EA8-6C73-D204BA4161BC}.Debug|Any CPU.Build.0 = Debug|Any CPU
		{9A818C9B-37D9-7EA8-6C73-D204BA4161BC}.Release|Any CPU.ActiveCfg = Release|Any CPU
		{9A818C9B-37D9-7EA8-6C73-D204BA4161BC}.Release|Any CPU.Build.0 = Release|Any CPU
		{F1238BAD-6434-B771-15E6-A575A85A666D}.Debug|Any CPU.ActiveCfg = Debug|Any CPU
		{F1238BAD-6434-B771-15E6-A575A85A666D}.Debug|Any CPU.Build.0 = Debug|Any CPU
		{F1238BAD-6434-B771-15E6-A575A85A666D}.Release|Any CPU.ActiveCfg = Release|Any CPU
		{F1238BAD-6434-B771-15E6-A575A85A666D}.Release|Any CPU.Build.0 = Release|Any CPU
		{71AEF62D-B33F-1B39-95B3-39BEF49ABF8C}.Debug|Any CPU.ActiveCfg = Debug|Any CPU
		{71AEF62D-B33F-1B39-95B3-39BEF49ABF8C}.Debug|Any CPU.Build.0 = Debug|Any CPU
		{71AEF62D-B33F-1B39-95B3-39BEF49ABF8C}.Release|Any CPU.ActiveCfg = Release|Any CPU
		{71AEF62D-B33F-1B39-95B3-39BEF49ABF8C}.Release|Any CPU.Build.0 = Release|Any CPU
	EndGlobalSection
	GlobalSection(SolutionProperties) = preSolution
		HideSolutionNode = FALSE
	EndGlobalSection
EndGlobal
